Microsoft Visual Studio Solution File, Format Version 11.00
# Visual Studio 2008

Project("{7E3685FD-786E-055D-08D4-009F1031E274}") = "pb_Profiler", "Assembly-CSharp.csproj", "{037B9998-FB69-4613-2ADF-EC59B0089C52}"
EndProject
Project("{7E3685FD-786E-055D-08D4-009F1031E274}") = "pb_Profiler", "Assembly-CSharp-Editor.csproj", "{232EC581-F2C0-3C6F-D333-6DDECF147088}"
EndProject
Global
	GlobalSection(SolutionConfigurationPlatforms) = preSolution
		Debug|Any CPU = Debug|Any CPU
		Release|Any CPU = Release|Any CPU
	EndGlobalSection
	GlobalSection(ProjectConfigurationPlatforms) = postSolution
		{037B9998-FB69-4613-2ADF-EC59B0089C52}.Debug|Any CPU.ActiveCfg = Debug|Any CPU
		{037B9998-FB69-4613-2ADF-EC59B0089C52}.Debug|Any CPU.Build.0 = Debug|Any CPU
		{037B9998-FB69-4613-2ADF-EC59B0089C52}.Release|Any CPU.ActiveCfg = Release|Any CPU
		{037B9998-FB69-4613-2ADF-EC59B0089C52}.Release|Any CPU.Build.0 = Release|Any CPU
		{232EC581-F2C0-3C6F-D333-6DDECF147088}.Debug|Any CPU.ActiveCfg = Debug|Any CPU
		{232EC581-F2C0-3C6F-D333-6DDECF147088}.Debug|Any CPU.Build.0 = Debug|Any CPU
		{232EC581-F2C0-3C6F-D333-6DDECF147088}.Release|Any CPU.ActiveCfg = Release|Any CPU
		{232EC581-F2C0-3C6F-D333-6DDECF147088}.Release|Any CPU.Build.0 = Release|Any CPU
	EndGlobalSection
	GlobalSection(SolutionProperties) = preSolution
		HideSolutionNode = FALSE
	EndGlobalSection
	GlobalSection(MonoDevelopProperties) = preSolution
		StartupItem = Assembly-CSharp.csproj
	EndGlobalSection
EndGlobal
