
Microsoft Visual Studio Solution File, Format Version 11.00
# Visual C# Express 2010
Project("{FAE04EC0-301F-11D3-BF4B-00C04F79EFBC}") = "pb_Profiler-vs2010", "pb_Profiler-vs2010\pb_Profiler-vs2010.csproj", "{8B11AC48-DD54-4918-BE5D-620B2A451382}"
EndProject
Global
	GlobalSection(SolutionConfigurationPlatforms) = preSolution
		Debug|Any CPU = Debug|Any CPU
		Release|Any CPU = Release|Any CPU
	EndGlobalSection
	GlobalSection(ProjectConfigurationPlatforms) = postSolution
		{8B11AC48-DD54-4918-BE5D-620B2A451382}.Debug|Any CPU.ActiveCfg = Debug|Any CPU
		{8B11AC48-DD54-4918-BE5D-620B2A451382}.Debug|Any CPU.Build.0 = Debug|Any CPU
		{8B11AC48-DD54-4918-BE5D-620B2A451382}.Release|Any CPU.ActiveCfg = Release|Any CPU
		{8B11AC48-DD54-4918-BE5D-620B2A451382}.Release|Any CPU.Build.0 = Release|Any CPU
	EndGlobalSection
	GlobalSection(SolutionProperties) = preSolution
		HideSolutionNode = FALSE
	EndGlobalSection
EndGlobal
